{
  "name": "TvE3",
  "version": "1.0.0",
  "lockfileVersion": 1,
  "requires": true,
  "dependencies": {
    "panorama-types": {
      "version": "1.5.2",
      "resolved": "https://registry.npmjs.org/panorama-types/-/panorama-types-1.5.2.tgz",
      "integrity": "sha512-YC52IHicw0ilP6g+w/JAMAvWWMkGiJ4zxx0ZLFbijlC4CaBcmY+90aIyb4A3BDd6vgJ3XM9y/UBPn9zBR2lb7g==",
      "dev": true,
      "requires": {
        "tslib": "^2.0.0"
      }
    },
    "tslib": {
      "version": "2.0.3",
      "resolved": "https://registry.npmjs.org/tslib/-/tslib-2.0.3.tgz",
      "integrity": "sha512-uZtkfKblCEQtZKBF6EBXVZeQNl82yqtDQdv+eck8u7tdPxjLu2/lp5/uPW+um2tpuxINHWy3GhiccY7QgEaVHQ==",
      "dev": true
    },
    "typescript": {
      "version": "4.0.5",
      "resolved": "https://registry.npmjs.org/typescript/-/typescript-4.0.5.tgz",
      "integrity": "sha512-ywmr/VrTVCmNTJ6iV2LwIrfG1P+lv6luD8sUJs+2eI9NLGigaN+nUQc13iHqisq7bra9lnmUSYqbJvegraBOPQ==",
      "dev": true
    }
  }
}
